<?xml version="1.0" encoding="UTF-8"?>
<!DOCTYPE plist PUBLIC "-//Apple//DTD PLIST 1.0//EN" "http://www.apple.com/DTDs/PropertyList-1.0.dtd">
<plist version="1.0">
<dict>
	<key>hostname</key>
	<string>Turals-Macbook-Pro.local</string>
	<key>hostuuid</key>
	<string>5E17AD36-A1D3-512D-ADB3-179E948B2295</string>
	<key>pid</key>
	<integer>1128</integer>
	<key>processname</key>
	<string>photolibraryd</string>
	<key>uid</key>
	<integer>501</integer>
</dict>
</plist>
