<?xml version="1.0" encoding="UTF-8"?>
<!DOCTYPE plist PUBLIC "-//Apple//DTD PLIST 1.0//EN" "http://www.apple.com/DTDs/PropertyList-1.0.dtd">
<plist version="1.0">
<dict>
	<key>hostname</key>
	<string>ms-MacBook-Pro.local</string>
	<key>hostuuid</key>
	<string>793FB248-A75B-5F63-9A2E-76E4BFA8E877</string>
	<key>pid</key>
	<integer>391</integer>
	<key>processname</key>
	<string>photolibraryd</string>
	<key>uid</key>
	<integer>501</integer>
</dict>
</plist>
