<?xml version="1.0" encoding="UTF-8"?>
<!DOCTYPE plist PUBLIC "-//Apple//DTD PLIST 1.0//EN" "http://www.apple.com/DTDs/PropertyList-1.0.dtd">
<plist version="1.0">
<dict>
	<key>hostname</key>
	<string>JoanaMac.lan</string>
	<key>hostuuid</key>
	<string>EDCFD0EE-0C6C-59D6-81F3-E0B7189468A4</string>
	<key>pid</key>
	<integer>714</integer>
	<key>processname</key>
	<string>photolibraryd</string>
	<key>uid</key>
	<integer>501</integer>
</dict>
</plist>
